source = "https://github.com/CarstVaartjes/vonk-forge-recipes.git"
# Resolved from the merged recipe contract at a191647078a7c7d064a98d5bd33a564ebc1f83b8.
branch = "main"
revision = "a191647078a7c7d064a98d5bd33a564ebc1f83b8"
subdirectory = "contracts"
package = "vonk-forge-public-contracts==2.1.0"
wheel = "inventory/wheels/vonk_forge_public_contracts-2.1.0-py3-none-any.whl"
sha256 = "077f5b45aa114087364c8defcac5da1858bd8a0f9217a5606b941d2e48c7f914"
