source = "https://github.com/CarstVaartjes/vonk-forge-recipes.git"
# Resolved from current recipes main during the launch contract update.
branch = "main"
revision = "2bd0b1ecf4163fa961791d972968a3a420ecc85d"
subdirectory = "contracts"
package = "vonk-forge-public-contracts==0.1.0"
wheel = "inventory/wheels/vonk_forge_public_contracts-0.1.0-py3-none-any.whl"
sha256 = "694a60b6bfc2bd15ccd10aa77910d850cdfcd536374cae28792958266382e326"
